
Microsoft Visual Studio Solution File, Format Version 12.00
# Visual Studio Version 17
VisualStudioVersion = 17.1.32228.430
MinimumVisualStudioVersion = 10.0.40219.1
Project("{FAE04EC0-301F-11D3-BF4B-00C04F79EFBC}") = "PRADProyecto.Android", "PRADProyecto\PRADProyecto.Android\PRADProyecto.Android.csproj", "{B37182A1-6DB9-4B60-922A-3C856E7A67E3}"
EndProject
Project("{FAE04EC0-301F-11D3-BF4B-00C04F79EFBC}") = "PRADProyecto", "PRADProyecto\PRADProyecto\PRADProyecto.csproj", "{338AB439-57C8-4447-9AED-58AE1269EB3A}"
EndProject
Global
	GlobalSection(SolutionConfigurationPlatforms) = preSolution
		Debug|Any CPU = Debug|Any CPU
		Release|Any CPU = Release|Any CPU
	EndGlobalSection
	GlobalSection(ProjectConfigurationPlatforms) = postSolution
		{B37182A1-6DB9-4B60-922A-3C856E7A67E3}.Debug|Any CPU.ActiveCfg = Debug|Any CPU
		{B37182A1-6DB9-4B60-922A-3C856E7A67E3}.Debug|Any CPU.Build.0 = Debug|Any CPU
		{B37182A1-6DB9-4B60-922A-3C856E7A67E3}.Debug|Any CPU.Deploy.0 = Debug|Any CPU
		{B37182A1-6DB9-4B60-922A-3C856E7A67E3}.Release|Any CPU.ActiveCfg = Release|Any CPU
		{B37182A1-6DB9-4B60-922A-3C856E7A67E3}.Release|Any CPU.Build.0 = Release|Any CPU
		{B37182A1-6DB9-4B60-922A-3C856E7A67E3}.Release|Any CPU.Deploy.0 = Release|Any CPU
		{338AB439-57C8-4447-9AED-58AE1269EB3A}.Debug|Any CPU.ActiveCfg = Debug|Any CPU
		{338AB439-57C8-4447-9AED-58AE1269EB3A}.Debug|Any CPU.Build.0 = Debug|Any CPU
		{338AB439-57C8-4447-9AED-58AE1269EB3A}.Debug|Any CPU.Deploy.0 = Debug|Any CPU
		{338AB439-57C8-4447-9AED-58AE1269EB3A}.Release|Any CPU.ActiveCfg = Release|Any CPU
		{338AB439-57C8-4447-9AED-58AE1269EB3A}.Release|Any CPU.Build.0 = Release|Any CPU
		{338AB439-57C8-4447-9AED-58AE1269EB3A}.Release|Any CPU.Deploy.0 = Release|Any CPU
	EndGlobalSection
	GlobalSection(SolutionProperties) = preSolution
		HideSolutionNode = FALSE
	EndGlobalSection
	GlobalSection(ExtensibilityGlobals) = postSolution
		SolutionGuid = {F5291684-6DBD-4F69-9197-51B5ECE7AA64}
	EndGlobalSection
EndGlobal
